{
  "name": "snabbdom-sync",
  "version": "1.0.0",
  "lockfileVersion": 1,
  "requires": true,
  "dependencies": {
    "snabbdom": {
      "version": "3.3.1",
      "resolved": "https://registry.npmjs.org/snabbdom/-/snabbdom-3.3.1.tgz",
      "integrity": "sha512-FR9u20dCkktPd+qbedqwYNjMXzYhizhqlKTQzYZimLNeCJY0/5qgs0DtLVSmzIEL1bN3Dyb9sQpiHGCxUjyLnQ==",
      "dev": true
    },
    "typescript": {
      "version": "4.5.5",
      "resolved": "https://registry.npmjs.org/typescript/-/typescript-4.5.5.tgz",
      "integrity": "sha512-TCTIul70LyWe6IJWT8QSYeA54WQe8EjQFU4wY52Fasj5UKx88LNYKCgBEHcOMOrFF1rKGbD8v/xcNWVUq9SymA==",
      "dev": true
    }
  }
}
